
Microsoft Visual Studio Solution File, Format Version 12.00
# Visual Studio 15
VisualStudioVersion = 15.0.27703.2035
MinimumVisualStudioVersion = 10.0.40219.1
Project("{FAE04EC0-301F-11D3-BF4B-00C04F79EFBC}") = "App1.Android", "App1\App1.Android\App1.Android.csproj", "{CECEB35F-965F-4353-B502-C41BCB2661B7}"
EndProject
Project("{FAE04EC0-301F-11D3-BF4B-00C04F79EFBC}") = "App1.iOS", "App1\App1.iOS\App1.iOS.csproj", "{15ECB675-38E9-4A74-8207-6E733E18E306}"
EndProject
Project("{FAE04EC0-301F-11D3-BF4B-00C04F79EFBC}") = "App1.UWP", "App1\App1.UWP\App1.UWP.csproj", "{D067DB6C-D60F-4FF1-92AB-234B7F7D8D28}"
EndProject
Project("{FAE04EC0-301F-11D3-BF4B-00C04F79EFBC}") = "App1", "App1\App1\App1.csproj", "{7CAE0A7B-A696-4A60-B108-3E2B50D2F17A}"
EndProject
Global
	GlobalSection(SolutionConfigurationPlatforms) = preSolution
		Ad-Hoc|Any CPU = Ad-Hoc|Any CPU
		Ad-Hoc|ARM = Ad-Hoc|ARM
		Ad-Hoc|iPhone = Ad-Hoc|iPhone
		Ad-Hoc|iPhoneSimulator = Ad-Hoc|iPhoneSimulator
		Ad-Hoc|x64 = Ad-Hoc|x64
		Ad-Hoc|x86 = Ad-Hoc|x86
		AppStore|Any CPU = AppStore|Any CPU
		AppStore|ARM = AppStore|ARM
		AppStore|iPhone = AppStore|iPhone
		AppStore|iPhoneSimulator = AppStore|iPhoneSimulator
		AppStore|x64 = AppStore|x64
		AppStore|x86 = AppStore|x86
		Debug|Any CPU = Debug|Any CPU
		Debug|ARM = Debug|ARM
		Debug|iPhone = Debug|iPhone
		Debug|iPhoneSimulator = Debug|iPhoneSimulator
		Debug|x64 = Debug|x64
		Debug|x86 = Debug|x86
		Release|Any CPU = Release|Any CPU
		Release|ARM = Release|ARM
		Release|iPhone = Release|iPhone
		Release|iPhoneSimulator = Release|iPhoneSimulator
		Release|x64 = Release|x64
		Release|x86 = Release|x86
	EndGlobalSection
	GlobalSection(ProjectConfigurationPlatforms) = postSolution
		{CECEB35F-965F-4353-B502-C41BCB2661B7}.Ad-Hoc|Any CPU.ActiveCfg = Release|Any CPU
		{CECEB35F-965F-4353-B502-C41BCB2661B7}.Ad-Hoc|Any CPU.Build.0 = Release|Any CPU
		{CECEB35F-965F-4353-B502-C41BCB2661B7}.Ad-Hoc|Any CPU.Deploy.0 = Release|Any CPU
		{CECEB35F-965F-4353-B502-C41BCB2661B7}.Ad-Hoc|ARM.ActiveCfg = Release|Any CPU
		{CECEB35F-965F-4353-B502-C41BCB2661B7}.Ad-Hoc|ARM.Build.0 = Release|Any CPU
		{CECEB35F-965F-4353-B502-C41BCB2661B7}.Ad-Hoc|ARM.Deploy.0 = Release|Any CPU
		{CECEB35F-965F-4353-B502-C41BCB2661B7}.Ad-Hoc|iPhone.ActiveCfg = Release|Any CPU
		{CECEB35F-965F-4353-B502-C41BCB2661B7}.Ad-Hoc|iPhone.Build.0 = Release|Any CPU
		{CECEB35F-965F-4353-B502-C41BCB2661B7}.Ad-Hoc|iPhone.Deploy.0 = Release|Any CPU
		{CECEB35F-965F-4353-B502-C41BCB2661B7}.Ad-Hoc|iPhoneSimulator.ActiveCfg = Release|Any CPU
		{CECEB35F-965F-4353-B502-C41BCB2661B7}.Ad-Hoc|iPhoneSimulator.Build.0 = Release|Any CPU
		{CECEB35F-965F-4353-B502-C41BCB2661B7}.Ad-Hoc|iPhoneSimulator.Deploy.0 = Release|Any CPU
		{CECEB35F-965F-4353-B502-C41BCB2661B7}.Ad-Hoc|x64.ActiveCfg = Release|Any CPU
		{CECEB35F-965F-4353-B502-C41BCB2661B7}.Ad-Hoc|x64.Build.0 = Release|Any CPU
		{CECEB35F-965F-4353-B502-C41BCB2661B7}.Ad-Hoc|x64.Deploy.0 = Release|Any CPU
		{CECEB35F-965F-4353-B502-C41BCB2661B7}.Ad-Hoc|x86.ActiveCfg = Release|Any CPU
		{CECEB35F-965F-4353-B502-C41BCB2661B7}.Ad-Hoc|x86.Build.0 = Release|Any CPU
		{CECEB35F-965F-4353-B502-C41BCB2661B7}.Ad-Hoc|x86.Deploy.0 = Release|Any CPU
		{CECEB35F-965F-4353-B502-C41BCB2661B7}.AppStore|Any CPU.ActiveCfg = Release|Any CPU
		{CECEB35F-965F-4353-B502-C41BCB2661B7}.AppStore|Any CPU.Build.0 = Release|Any CPU
		{CECEB35F-965F-4353-B502-C41BCB2661B7}.AppStore|Any CPU.Deploy.0 = Release|Any CPU
		{CECEB35F-965F-4353-B502-C41BCB2661B7}.AppStore|ARM.ActiveCfg = Release|Any CPU
		{CECEB35F-965F-4353-B502-C41BCB2661B7}.AppStore|ARM.Build.0 = Release|Any CPU
		{CECEB35F-965F-4353-B502-C41BCB2661B7}.AppStore|ARM.Deploy.0 = Release|Any CPU
		{CECEB35F-965F-4353-B502-C41BCB2661B7}.AppStore|iPhone.ActiveCfg = Release|Any CPU
		{CECEB35F-965F-4353-B502-C41BCB2661B7}.AppStore|iPhone.Build.0 = Release|Any CPU
		{CECEB35F-965F-4353-B502-C41BCB2661B7}.AppStore|iPhone.Deploy.0 = Release|Any CPU
		{CECEB35F-965F-4353-B502-C41BCB2661B7}.AppStore|iPhoneSimulator.ActiveCfg = Release|Any CPU
		{CECEB35F-965F-4353-B502-C41BCB2661B7}.AppStore|iPhoneSimulator.Build.0 = Release|Any CPU
		{CECEB35F-965F-4353-B502-C41BCB2661B7}.AppStore|iPhoneSimulator.Deploy.0 = Release|Any CPU
		{CECEB35F-965F-4353-B502-C41BCB2661B7}.AppStore|x64.ActiveCfg = Release|Any CPU
		{CECEB35F-965F-4353-B502-C41BCB2661B7}.AppStore|x64.Build.0 = Release|Any CPU
		{CECEB35F-965F-4353-B502-C41BCB2661B7}.AppStore|x64.Deploy.0 = Release|Any CPU
		{CECEB35F-965F-4353-B502-C41BCB2661B7}.AppStore|x86.ActiveCfg = Release|Any CPU
		{CECEB35F-965F-4353-B502-C41BCB2661B7}.AppStore|x86.Build.0 = Release|Any CPU
		{CECEB35F-965F-4353-B502-C41BCB2661B7}.AppStore|x86.Deploy.0 = Release|Any CPU
		{CECEB35F-965F-4353-B502-C41BCB2661B7}.Debug|Any CPU.ActiveCfg = Debug|Any CPU
		{CECEB35F-965F-4353-B502-C41BCB2661B7}.Debug|Any CPU.Build.0 = Debug|Any CPU
		{CECEB35F-965F-4353-B502-C41BCB2661B7}.Debug|Any CPU.Deploy.0 = Debug|Any CPU
		{CECEB35F-965F-4353-B502-C41BCB2661B7}.Debug|ARM.ActiveCfg = Debug|Any CPU
		{CECEB35F-965F-4353-B502-C41BCB2661B7}.Debug|ARM.Build.0 = Debug|Any CPU
		{CECEB35F-965F-4353-B502-C41BCB2661B7}.Debug|ARM.Deploy.0 = Debug|Any CPU
		{CECEB35F-965F-4353-B502-C41BCB2661B7}.Debug|iPhone.ActiveCfg = Debug|Any CPU
		{CECEB35F-965F-4353-B502-C41BCB2661B7}.Debug|iPhone.Build.0 = Debug|Any CPU
		{CECEB35F-965F-4353-B502-C41BCB2661B7}.Debug|iPhone.Deploy.0 = Debug|Any CPU
		{CECEB35F-965F-4353-B502-C41BCB2661B7}.Debug|iPhoneSimulator.ActiveCfg = Debug|Any CPU
		{CECEB35F-965F-4353-B502-C41BCB2661B7}.Debug|iPhoneSimulator.Build.0 = Debug|Any CPU
		{CECEB35F-965F-4353-B502-C41BCB2661B7}.Debug|iPhoneSimulator.Deploy.0 = Debug|Any CPU
		{CECEB35F-965F-4353-B502-C41BCB2661B7}.Debug|x64.ActiveCfg = Debug|Any CPU
		{CECEB35F-965F-4353-B502-C41BCB2661B7}.Debug|x64.Build.0 = Debug|Any CPU
		{CECEB35F-965F-4353-B502-C41BCB2661B7}.Debug|x64.Deploy.0 = Debug|Any CPU
		{CECEB35F-965F-4353-B502-C41BCB2661B7}.Debug|x86.ActiveCfg = Debug|Any CPU
		{CECEB35F-965F-4353-B502-C41BCB2661B7}.Debug|x86.Build.0 = Debug|Any CPU
		{CECEB35F-965F-4353-B502-C41BCB2661B7}.Debug|x86.Deploy.0 = Debug|Any CPU
		{CECEB35F-965F-4353-B502-C41BCB2661B7}.Release|Any CPU.ActiveCfg = Release|Any CPU
		{CECEB35F-965F-4353-B502-C41BCB2661B7}.Release|Any CPU.Build.0 = Release|Any CPU
		{CECEB35F-965F-4353-B502-C41BCB2661B7}.Release|Any CPU.Deploy.0 = Release|Any CPU
		{CECEB35F-965F-4353-B502-C41BCB2661B7}.Release|ARM.ActiveCfg = Release|Any CPU
		{CECEB35F-965F-4353-B502-C41BCB2661B7}.Release|ARM.Build.0 = Release|Any CPU
		{CECEB35F-965F-4353-B502-C41BCB2661B7}.Release|ARM.Deploy.0 = Release|Any CPU
		{CECEB35F-965F-4353-B502-C41BCB2661B7}.Release|iPhone.ActiveCfg = Release|Any CPU
		{CECEB35F-965F-4353-B502-C41BCB2661B7}.Release|iPhone.Build.0 = Release|Any CPU
		{CECEB35F-965F-4353-B502-C41BCB2661B7}.Release|iPhone.Deploy.0 = Release|Any CPU
		{CECEB35F-965F-4353-B502-C41BCB2661B7}.Release|iPhoneSimulator.ActiveCfg = Release|Any CPU
		{CECEB35F-965F-4353-B502-C41BCB2661B7}.Release|iPhoneSimulator.Build.0 = Release|Any CPU
		{CECEB35F-965F-4353-B502-C41BCB2661B7}.Release|iPhoneSimulator.Deploy.0 = Release|Any CPU
		{CECEB35F-965F-4353-B502-C41BCB2661B7}.Release|x64.ActiveCfg = Release|Any CPU
		{CECEB35F-965F-4353-B502-C41BCB2661B7}.Release|x64.Build.0 = Release|Any CPU
		{CECEB35F-965F-4353-B502-C41BCB2661B7}.Release|x64.Deploy.0 = Release|Any CPU
		{CECEB35F-965F-4353-B502-C41BCB2661B7}.Release|x86.ActiveCfg = Release|Any CPU
		{CECEB35F-965F-4353-B502-C41BCB2661B7}.Release|x86.Build.0 = Release|Any CPU
		{CECEB35F-965F-4353-B502-C41BCB2661B7}.Release|x86.Deploy.0 = Release|Any CPU
		{15ECB675-38E9-4A74-8207-6E733E18E306}.Ad-Hoc|Any CPU.ActiveCfg = Ad-Hoc|iPhone
		{15ECB675-38E9-4A74-8207-6E733E18E306}.Ad-Hoc|Any CPU.Build.0 = Ad-Hoc|iPhone
		{15ECB675-38E9-4A74-8207-6E733E18E306}.Ad-Hoc|Any CPU.Deploy.0 = Ad-Hoc|iPhone
		{15ECB675-38E9-4A74-8207-6E733E18E306}.Ad-Hoc|ARM.ActiveCfg = Ad-Hoc|iPhone
		{15ECB675-38E9-4A74-8207-6E733E18E306}.Ad-Hoc|ARM.Build.0 = Ad-Hoc|iPhone
		{15ECB675-38E9-4A74-8207-6E733E18E306}.Ad-Hoc|ARM.Deploy.0 = Ad-Hoc|iPhone
		{15ECB675-38E9-4A74-8207-6E733E18E306}.Ad-Hoc|iPhone.ActiveCfg = Ad-Hoc|iPhone
		{15ECB675-38E9-4A74-8207-6E733E18E306}.Ad-Hoc|iPhone.Build.0 = Ad-Hoc|iPhone
		{15ECB675-38E9-4A74-8207-6E733E18E306}.Ad-Hoc|iPhone.Deploy.0 = Ad-Hoc|iPhone
		{15ECB675-38E9-4A74-8207-6E733E18E306}.Ad-Hoc|iPhoneSimulator.ActiveCfg = Ad-Hoc|iPhoneSimulator
		{15ECB675-38E9-4A74-8207-6E733E18E306}.Ad-Hoc|iPhoneSimulator.Build.0 = Ad-Hoc|iPhoneSimulator
		{15ECB675-38E9-4A74-8207-6E733E18E306}.Ad-Hoc|iPhoneSimulator.Deploy.0 = Ad-Hoc|iPhoneSimulator
		{15ECB675-38E9-4A74-8207-6E733E18E306}.Ad-Hoc|x64.ActiveCfg = Ad-Hoc|iPhone
		{15ECB675-38E9-4A74-8207-6E733E18E306}.Ad-Hoc|x64.Build.0 = Ad-Hoc|iPhone
		{15ECB675-38E9-4A74-8207-6E733E18E306}.Ad-Hoc|x64.Deploy.0 = Ad-Hoc|iPhone
		{15ECB675-38E9-4A74-8207-6E733E18E306}.Ad-Hoc|x86.ActiveCfg = Ad-Hoc|iPhone
		{15ECB675-38E9-4A74-8207-6E733E18E306}.Ad-Hoc|x86.Build.0 = Ad-Hoc|iPhone
		{15ECB675-38E9-4A74-8207-6E733E18E306}.Ad-Hoc|x86.Deploy.0 = Ad-Hoc|iPhone
		{15ECB675-38E9-4A74-8207-6E733E18E306}.AppStore|Any CPU.ActiveCfg = AppStore|iPhone
		{15ECB675-38E9-4A74-8207-6E733E18E306}.AppStore|Any CPU.Build.0 = AppStore|iPhone
		{15ECB675-38E9-4A74-8207-6E733E18E306}.AppStore|Any CPU.Deploy.0 = AppStore|iPhone
		{15ECB675-38E9-4A74-8207-6E733E18E306}.AppStore|ARM.ActiveCfg = AppStore|iPhone
		{15ECB675-38E9-4A74-8207-6E733E18E306}.AppStore|ARM.Build.0 = AppStore|iPhone
		{15ECB675-38E9-4A74-8207-6E733E18E306}.AppStore|ARM.Deploy.0 = AppStore|iPhone
		{15ECB675-38E9-4A74-8207-6E733E18E306}.AppStore|iPhone.ActiveCfg = AppStore|iPhone
		{15ECB675-38E9-4A74-8207-6E733E18E306}.AppStore|iPhone.Build.0 = AppStore|iPhone
		{15ECB675-38E9-4A74-8207-6E733E18E306}.AppStore|iPhone.Deploy.0 = AppStore|iPhone
		{15ECB675-38E9-4A74-8207-6E733E18E306}.AppStore|iPhoneSimulator.ActiveCfg = AppStore|iPhoneSimulator
		{15ECB675-38E9-4A74-8207-6E733E18E306}.AppStore|iPhoneSimulator.Build.0 = AppStore|iPhoneSimulator
		{15ECB675-38E9-4A74-8207-6E733E18E306}.AppStore|iPhoneSimulator.Deploy.0 = AppStore|iPhoneSimulator
		{15ECB675-38E9-4A74-8207-6E733E18E306}.AppStore|x64.ActiveCfg = AppStore|iPhone
		{15ECB675-38E9-4A74-8207-6E733E18E306}.AppStore|x64.Build.0 = AppStore|iPhone
		{15ECB675-38E9-4A74-8207-6E733E18E306}.AppStore|x64.Deploy.0 = AppStore|iPhone
		{15ECB675-38E9-4A74-8207-6E733E18E306}.AppStore|x86.ActiveCfg = AppStore|iPhone
		{15ECB675-38E9-4A74-8207-6E733E18E306}.AppStore|x86.Build.0 = AppStore|iPhone
		{15ECB675-38E9-4A74-8207-6E733E18E306}.AppStore|x86.Deploy.0 = AppStore|iPhone
		{15ECB675-38E9-4A74-8207-6E733E18E306}.Debug|Any CPU.ActiveCfg = Debug|iPhoneSimulator
		{15ECB675-38E9-4A74-8207-6E733E18E306}.Debug|Any CPU.Build.0 = Debug|iPhoneSimulator
		{15ECB675-38E9-4A74-8207-6E733E18E306}.Debug|Any CPU.Deploy.0 = Debug|iPhoneSimulator
		{15ECB675-38E9-4A74-8207-6E733E18E306}.Debug|ARM.ActiveCfg = Debug|iPhone
		{15ECB675-38E9-4A74-8207-6E733E18E306}.Debug|ARM.Build.0 = Debug|iPhone
		{15ECB675-38E9-4A74-8207-6E733E18E306}.Debug|ARM.Deploy.0 = Debug|iPhone
		{15ECB675-38E9-4A74-8207-6E733E18E306}.Debug|iPhone.ActiveCfg = Debug|iPhone
		{15ECB675-38E9-4A74-8207-6E733E18E306}.Debug|iPhone.Build.0 = Debug|iPhone
		{15ECB675-38E9-4A74-8207-6E733E18E306}.Debug|iPhone.Deploy.0 = Debug|iPhone
		{15ECB675-38E9-4A74-8207-6E733E18E306}.Debug|iPhoneSimulator.ActiveCfg = Debug|iPhoneSimulator
		{15ECB675-38E9-4A74-8207-6E733E18E306}.Debug|iPhoneSimulator.Build.0 = Debug|iPhoneSimulator
		{15ECB675-38E9-4A74-8207-6E733E18E306}.Debug|iPhoneSimulator.Deploy.0 = Debug|iPhoneSimulator
		{15ECB675-38E9-4A74-8207-6E733E18E306}.Debug|x64.ActiveCfg = Debug|iPhone
		{15ECB675-38E9-4A74-8207-6E733E18E306}.Debug|x64.Build.0 = Debug|iPhone
		{15ECB675-38E9-4A74-8207-6E733E18E306}.Debug|x64.Deploy.0 = Debug|iPhone
		{15ECB675-38E9-4A74-8207-6E733E18E306}.Debug|x86.ActiveCfg = Debug|iPhone
		{15ECB675-38E9-4A74-8207-6E733E18E306}.Debug|x86.Build.0 = Debug|iPhone
		{15ECB675-38E9-4A74-8207-6E733E18E306}.Debug|x86.Deploy.0 = Debug|iPhone
		{15ECB675-38E9-4A74-8207-6E733E18E306}.Release|Any CPU.ActiveCfg = Release|iPhone
		{15ECB675-38E9-4A74-8207-6E733E18E306}.Release|Any CPU.Build.0 = Release|iPhone
		{15ECB675-38E9-4A74-8207-6E733E18E306}.Release|Any CPU.Deploy.0 = Release|iPhone
		{15ECB675-38E9-4A74-8207-6E733E18E306}.Release|ARM.ActiveCfg = Release|iPhone
		{15ECB675-38E9-4A74-8207-6E733E18E306}.Release|ARM.Build.0 = Release|iPhone
		{15ECB675-38E9-4A74-8207-6E733E18E306}.Release|ARM.Deploy.0 = Release|iPhone
		{15ECB675-38E9-4A74-8207-6E733E18E306}.Release|iPhone.ActiveCfg = Release|iPhone
		{15ECB675-38E9-4A74-8207-6E733E18E306}.Release|iPhone.Build.0 = Release|iPhone
		{15ECB675-38E9-4A74-8207-6E733E18E306}.Release|iPhone.Deploy.0 = Release|iPhone
		{15ECB675-38E9-4A74-8207-6E733E18E306}.Release|iPhoneSimulator.ActiveCfg = Release|iPhoneSimulator
		{15ECB675-38E9-4A74-8207-6E733E18E306}.Release|iPhoneSimulator.Build.0 = Release|iPhoneSimulator
		{15ECB675-38E9-4A74-8207-6E733E18E306}.Release|iPhoneSimulator.Deploy.0 = Release|iPhoneSimulator
		{15ECB675-38E9-4A74-8207-6E733E18E306}.Release|x64.ActiveCfg = Release|iPhone
		{15ECB675-38E9-4A74-8207-6E733E18E306}.Release|x64.Build.0 = Release|iPhone
		{15ECB675-38E9-4A74-8207-6E733E18E306}.Release|x64.Deploy.0 = Release|iPhone
		{15ECB675-38E9-4A74-8207-6E733E18E306}.Release|x86.ActiveCfg = Release|iPhone
		{15ECB675-38E9-4A74-8207-6E733E18E306}.Release|x86.Build.0 = Release|iPhone
		{15ECB675-38E9-4A74-8207-6E733E18E306}.Release|x86.Deploy.0 = Release|iPhone
		{D067DB6C-D60F-4FF1-92AB-234B7F7D8D28}.Ad-Hoc|Any CPU.ActiveCfg = Release|x86
		{D067DB6C-D60F-4FF1-92AB-234B7F7D8D28}.Ad-Hoc|Any CPU.Build.0 = Release|x86
		{D067DB6C-D60F-4FF1-92AB-234B7F7D8D28}.Ad-Hoc|Any CPU.Deploy.0 = Release|x86
		{D067DB6C-D60F-4FF1-92AB-234B7F7D8D28}.Ad-Hoc|ARM.ActiveCfg = Release|ARM
		{D067DB6C-D60F-4FF1-92AB-234B7F7D8D28}.Ad-Hoc|ARM.Build.0 = Release|ARM
		{D067DB6C-D60F-4FF1-92AB-234B7F7D8D28}.Ad-Hoc|ARM.Deploy.0 = Release|ARM
		{D067DB6C-D60F-4FF1-92AB-234B7F7D8D28}.Ad-Hoc|iPhone.ActiveCfg = Release|x86
		{D067DB6C-D60F-4FF1-92AB-234B7F7D8D28}.Ad-Hoc|iPhone.Build.0 = Release|x86
		{D067DB6C-D60F-4FF1-92AB-234B7F7D8D28}.Ad-Hoc|iPhone.Deploy.0 = Release|x86
		{D067DB6C-D60F-4FF1-92AB-234B7F7D8D28}.Ad-Hoc|iPhoneSimulator.ActiveCfg = Release|x86
		{D067DB6C-D60F-4FF1-92AB-234B7F7D8D28}.Ad-Hoc|iPhoneSimulator.Build.0 = Release|x86
		{D067DB6C-D60F-4FF1-92AB-234B7F7D8D28}.Ad-Hoc|iPhoneSimulator.Deploy.0 = Release|x86
		{D067DB6C-D60F-4FF1-92AB-234B7F7D8D28}.Ad-Hoc|x64.ActiveCfg = Release|x64
		{D067DB6C-D60F-4FF1-92AB-234B7F7D8D28}.Ad-Hoc|x64.Build.0 = Release|x64
		{D067DB6C-D60F-4FF1-92AB-234B7F7D8D28}.Ad-Hoc|x64.Deploy.0 = Release|x64
		{D067DB6C-D60F-4FF1-92AB-234B7F7D8D28}.Ad-Hoc|x86.ActiveCfg = Release|x86
		{D067DB6C-D60F-4FF1-92AB-234B7F7D8D28}.Ad-Hoc|x86.Build.0 = Release|x86
		{D067DB6C-D60F-4FF1-92AB-234B7F7D8D28}.Ad-Hoc|x86.Deploy.0 = Release|x86
		{D067DB6C-D60F-4FF1-92AB-234B7F7D8D28}.AppStore|Any CPU.ActiveCfg = Release|x86
		{D067DB6C-D60F-4FF1-92AB-234B7F7D8D28}.AppStore|Any CPU.Build.0 = Release|x86
		{D067DB6C-D60F-4FF1-92AB-234B7F7D8D28}.AppStore|Any CPU.Deploy.0 = Release|x86
		{D067DB6C-D60F-4FF1-92AB-234B7F7D8D28}.AppStore|ARM.ActiveCfg = Release|ARM
		{D067DB6C-D60F-4FF1-92AB-234B7F7D8D28}.AppStore|ARM.Build.0 = Release|ARM
		{D067DB6C-D60F-4FF1-92AB-234B7F7D8D28}.AppStore|ARM.Deploy.0 = Release|ARM
		{D067DB6C-D60F-4FF1-92AB-234B7F7D8D28}.AppStore|iPhone.ActiveCfg = Release|x86
		{D067DB6C-D60F-4FF1-92AB-234B7F7D8D28}.AppStore|iPhone.Build.0 = Release|x86
		{D067DB6C-D60F-4FF1-92AB-234B7F7D8D28}.AppStore|iPhone.Deploy.0 = Release|x86
		{D067DB6C-D60F-4FF1-92AB-234B7F7D8D28}.AppStore|iPhoneSimulator.ActiveCfg = Release|x86
		{D067DB6C-D60F-4FF1-92AB-234B7F7D8D28}.AppStore|iPhoneSimulator.Build.0 = Release|x86
		{D067DB6C-D60F-4FF1-92AB-234B7F7D8D28}.AppStore|iPhoneSimulator.Deploy.0 = Release|x86
		{D067DB6C-D60F-4FF1-92AB-234B7F7D8D28}.AppStore|x64.ActiveCfg = Release|x64
		{D067DB6C-D60F-4FF1-92AB-234B7F7D8D28}.AppStore|x64.Build.0 = Release|x64
		{D067DB6C-D60F-4FF1-92AB-234B7F7D8D28}.AppStore|x64.Deploy.0 = Release|x64
		{D067DB6C-D60F-4FF1-92AB-234B7F7D8D28}.AppStore|x86.ActiveCfg = Release|x86
		{D067DB6C-D60F-4FF1-92AB-234B7F7D8D28}.AppStore|x86.Build.0 = Release|x86
		{D067DB6C-D60F-4FF1-92AB-234B7F7D8D28}.AppStore|x86.Deploy.0 = Release|x86
		{D067DB6C-D60F-4FF1-92AB-234B7F7D8D28}.Debug|Any CPU.ActiveCfg = Debug|x86
		{D067DB6C-D60F-4FF1-92AB-234B7F7D8D28}.Debug|Any CPU.Build.0 = Debug|x86
		{D067DB6C-D60F-4FF1-92AB-234B7F7D8D28}.Debug|Any CPU.Deploy.0 = Debug|x86
		{D067DB6C-D60F-4FF1-92AB-234B7F7D8D28}.Debug|ARM.ActiveCfg = Debug|ARM
		{D067DB6C-D60F-4FF1-92AB-234B7F7D8D28}.Debug|ARM.Build.0 = Debug|ARM
		{D067DB6C-D60F-4FF1-92AB-234B7F7D8D28}.Debug|ARM.Deploy.0 = Debug|ARM
		{D067DB6C-D60F-4FF1-92AB-234B7F7D8D28}.Debug|iPhone.ActiveCfg = Debug|x86
		{D067DB6C-D60F-4FF1-92AB-234B7F7D8D28}.Debug|iPhone.Build.0 = Debug|x86
		{D067DB6C-D60F-4FF1-92AB-234B7F7D8D28}.Debug|iPhone.Deploy.0 = Debug|x86
		{D067DB6C-D60F-4FF1-92AB-234B7F7D8D28}.Debug|iPhoneSimulator.ActiveCfg = Debug|x86
		{D067DB6C-D60F-4FF1-92AB-234B7F7D8D28}.Debug|iPhoneSimulator.Build.0 = Debug|x86
		{D067DB6C-D60F-4FF1-92AB-234B7F7D8D28}.Debug|iPhoneSimulator.Deploy.0 = Debug|x86
		{D067DB6C-D60F-4FF1-92AB-234B7F7D8D28}.Debug|x64.ActiveCfg = Debug|x64
		{D067DB6C-D60F-4FF1-92AB-234B7F7D8D28}.Debug|x64.Build.0 = Debug|x64
		{D067DB6C-D60F-4FF1-92AB-234B7F7D8D28}.Debug|x64.Deploy.0 = Debug|x64
		{D067DB6C-D60F-4FF1-92AB-234B7F7D8D28}.Debug|x86.ActiveCfg = Debug|x86
		{D067DB6C-D60F-4FF1-92AB-234B7F7D8D28}.Debug|x86.Build.0 = Debug|x86
		{D067DB6C-D60F-4FF1-92AB-234B7F7D8D28}.Debug|x86.Deploy.0 = Debug|x86
		{D067DB6C-D60F-4FF1-92AB-234B7F7D8D28}.Release|Any CPU.ActiveCfg = Release|x86
		{D067DB6C-D60F-4FF1-92AB-234B7F7D8D28}.Release|Any CPU.Build.0 = Release|x86
		{D067DB6C-D60F-4FF1-92AB-234B7F7D8D28}.Release|Any CPU.Deploy.0 = Release|x86
		{D067DB6C-D60F-4FF1-92AB-234B7F7D8D28}.Release|ARM.ActiveCfg = Release|ARM
		{D067DB6C-D60F-4FF1-92AB-234B7F7D8D28}.Release|ARM.Build.0 = Release|ARM
		{D067DB6C-D60F-4FF1-92AB-234B7F7D8D28}.Release|ARM.Deploy.0 = Release|ARM
		{D067DB6C-D60F-4FF1-92AB-234B7F7D8D28}.Release|iPhone.ActiveCfg = Release|x86
		{D067DB6C-D60F-4FF1-92AB-234B7F7D8D28}.Release|iPhone.Build.0 = Release|x86
		{D067DB6C-D60F-4FF1-92AB-234B7F7D8D28}.Release|iPhone.Deploy.0 = Release|x86
		{D067DB6C-D60F-4FF1-92AB-234B7F7D8D28}.Release|iPhoneSimulator.ActiveCfg = Release|x86
		{D067DB6C-D60F-4FF1-92AB-234B7F7D8D28}.Release|iPhoneSimulator.Build.0 = Release|x86
		{D067DB6C-D60F-4FF1-92AB-234B7F7D8D28}.Release|iPhoneSimulator.Deploy.0 = Release|x86
		{D067DB6C-D60F-4FF1-92AB-234B7F7D8D28}.Release|x64.ActiveCfg = Release|x64
		{D067DB6C-D60F-4FF1-92AB-234B7F7D8D28}.Release|x64.Build.0 = Release|x64
		{D067DB6C-D60F-4FF1-92AB-234B7F7D8D28}.Release|x64.Deploy.0 = Release|x64
		{D067DB6C-D60F-4FF1-92AB-234B7F7D8D28}.Release|x86.ActiveCfg = Release|x86
		{D067DB6C-D60F-4FF1-92AB-234B7F7D8D28}.Release|x86.Build.0 = Release|x86
		{D067DB6C-D60F-4FF1-92AB-234B7F7D8D28}.Release|x86.Deploy.0 = Release|x86
		{7CAE0A7B-A696-4A60-B108-3E2B50D2F17A}.Ad-Hoc|Any CPU.ActiveCfg = Debug|Any CPU
		{7CAE0A7B-A696-4A60-B108-3E2B50D2F17A}.Ad-Hoc|Any CPU.Build.0 = Debug|Any CPU
		{7CAE0A7B-A696-4A60-B108-3E2B50D2F17A}.Ad-Hoc|Any CPU.Deploy.0 = Debug|Any CPU
		{7CAE0A7B-A696-4A60-B108-3E2B50D2F17A}.Ad-Hoc|ARM.ActiveCfg = Debug|Any CPU
		{7CAE0A7B-A696-4A60-B108-3E2B50D2F17A}.Ad-Hoc|ARM.Build.0 = Debug|Any CPU
		{7CAE0A7B-A696-4A60-B108-3E2B50D2F17A}.Ad-Hoc|ARM.Deploy.0 = Debug|Any CPU
		{7CAE0A7B-A696-4A60-B108-3E2B50D2F17A}.Ad-Hoc|iPhone.ActiveCfg = Debug|Any CPU
		{7CAE0A7B-A696-4A60-B108-3E2B50D2F17A}.Ad-Hoc|iPhone.Build.0 = Debug|Any CPU
		{7CAE0A7B-A696-4A60-B108-3E2B50D2F17A}.Ad-Hoc|iPhone.Deploy.0 = Debug|Any CPU
		{7CAE0A7B-A696-4A60-B108-3E2B50D2F17A}.Ad-Hoc|iPhoneSimulator.ActiveCfg = Debug|Any CPU
		{7CAE0A7B-A696-4A60-B108-3E2B50D2F17A}.Ad-Hoc|iPhoneSimulator.Build.0 = Debug|Any CPU
		{7CAE0A7B-A696-4A60-B108-3E2B50D2F17A}.Ad-Hoc|iPhoneSimulator.Deploy.0 = Debug|Any CPU
		{7CAE0A7B-A696-4A60-B108-3E2B50D2F17A}.Ad-Hoc|x64.ActiveCfg = Debug|Any CPU
		{7CAE0A7B-A696-4A60-B108-3E2B50D2F17A}.Ad-Hoc|x64.Build.0 = Debug|Any CPU
		{7CAE0A7B-A696-4A60-B108-3E2B50D2F17A}.Ad-Hoc|x64.Deploy.0 = Debug|Any CPU
		{7CAE0A7B-A696-4A60-B108-3E2B50D2F17A}.Ad-Hoc|x86.ActiveCfg = Debug|Any CPU
		{7CAE0A7B-A696-4A60-B108-3E2B50D2F17A}.Ad-Hoc|x86.Build.0 = Debug|Any CPU
		{7CAE0A7B-A696-4A60-B108-3E2B50D2F17A}.Ad-Hoc|x86.Deploy.0 = Debug|Any CPU
		{7CAE0A7B-A696-4A60-B108-3E2B50D2F17A}.AppStore|Any CPU.ActiveCfg = Debug|Any CPU
		{7CAE0A7B-A696-4A60-B108-3E2B50D2F17A}.AppStore|Any CPU.Build.0 = Debug|Any CPU
		{7CAE0A7B-A696-4A60-B108-3E2B50D2F17A}.AppStore|Any CPU.Deploy.0 = Debug|Any CPU
		{7CAE0A7B-A696-4A60-B108-3E2B50D2F17A}.AppStore|ARM.ActiveCfg = Debug|Any CPU
		{7CAE0A7B-A696-4A60-B108-3E2B50D2F17A}.AppStore|ARM.Build.0 = Debug|Any CPU
		{7CAE0A7B-A696-4A60-B108-3E2B50D2F17A}.AppStore|ARM.Deploy.0 = Debug|Any CPU
		{7CAE0A7B-A696-4A60-B108-3E2B50D2F17A}.AppStore|iPhone.ActiveCfg = Debug|Any CPU
		{7CAE0A7B-A696-4A60-B108-3E2B50D2F17A}.AppStore|iPhone.Build.0 = Debug|Any CPU
		{7CAE0A7B-A696-4A60-B108-3E2B50D2F17A}.AppStore|iPhone.Deploy.0 = Debug|Any CPU
		{7CAE0A7B-A696-4A60-B108-3E2B50D2F17A}.AppStore|iPhoneSimulator.ActiveCfg = Debug|Any CPU
		{7CAE0A7B-A696-4A60-B108-3E2B50D2F17A}.AppStore|iPhoneSimulator.Build.0 = Debug|Any CPU
		{7CAE0A7B-A696-4A60-B108-3E2B50D2F17A}.AppStore|iPhoneSimulator.Deploy.0 = Debug|Any CPU
		{7CAE0A7B-A696-4A60-B108-3E2B50D2F17A}.AppStore|x64.ActiveCfg = Debug|Any CPU
		{7CAE0A7B-A696-4A60-B108-3E2B50D2F17A}.AppStore|x64.Build.0 = Debug|Any CPU
		{7CAE0A7B-A696-4A60-B108-3E2B50D2F17A}.AppStore|x64.Deploy.0 = Debug|Any CPU
		{7CAE0A7B-A696-4A60-B108-3E2B50D2F17A}.AppStore|x86.ActiveCfg = Debug|Any CPU
		{7CAE0A7B-A696-4A60-B108-3E2B50D2F17A}.AppStore|x86.Build.0 = Debug|Any CPU
		{7CAE0A7B-A696-4A60-B108-3E2B50D2F17A}.AppStore|x86.Deploy.0 = Debug|Any CPU
		{7CAE0A7B-A696-4A60-B108-3E2B50D2F17A}.Debug|Any CPU.ActiveCfg = Debug|Any CPU
		{7CAE0A7B-A696-4A60-B108-3E2B50D2F17A}.Debug|Any CPU.Build.0 = Debug|Any CPU
		{7CAE0A7B-A696-4A60-B108-3E2B50D2F17A}.Debug|Any CPU.Deploy.0 = Debug|Any CPU
		{7CAE0A7B-A696-4A60-B108-3E2B50D2F17A}.Debug|ARM.ActiveCfg = Debug|Any CPU
		{7CAE0A7B-A696-4A60-B108-3E2B50D2F17A}.Debug|ARM.Build.0 = Debug|Any CPU
		{7CAE0A7B-A696-4A60-B108-3E2B50D2F17A}.Debug|ARM.Deploy.0 = Debug|Any CPU
		{7CAE0A7B-A696-4A60-B108-3E2B50D2F17A}.Debug|iPhone.ActiveCfg = Debug|Any CPU
		{7CAE0A7B-A696-4A60-B108-3E2B50D2F17A}.Debug|iPhone.Build.0 = Debug|Any CPU
		{7CAE0A7B-A696-4A60-B108-3E2B50D2F17A}.Debug|iPhone.Deploy.0 = Debug|Any CPU
		{7CAE0A7B-A696-4A60-B108-3E2B50D2F17A}.Debug|iPhoneSimulator.ActiveCfg = Debug|Any CPU
		{7CAE0A7B-A696-4A60-B108-3E2B50D2F17A}.Debug|iPhoneSimulator.Build.0 = Debug|Any CPU
		{7CAE0A7B-A696-4A60-B108-3E2B50D2F17A}.Debug|iPhoneSimulator.Deploy.0 = Debug|Any CPU
		{7CAE0A7B-A696-4A60-B108-3E2B50D2F17A}.Debug|x64.ActiveCfg = Debug|Any CPU
		{7CAE0A7B-A696-4A60-B108-3E2B50D2F17A}.Debug|x64.Build.0 = Debug|Any CPU
		{7CAE0A7B-A696-4A60-B108-3E2B50D2F17A}.Debug|x64.Deploy.0 = Debug|Any CPU
		{7CAE0A7B-A696-4A60-B108-3E2B50D2F17A}.Debug|x86.ActiveCfg = Debug|Any CPU
		{7CAE0A7B-A696-4A60-B108-3E2B50D2F17A}.Debug|x86.Build.0 = Debug|Any CPU
		{7CAE0A7B-A696-4A60-B108-3E2B50D2F17A}.Debug|x86.Deploy.0 = Debug|Any CPU
		{7CAE0A7B-A696-4A60-B108-3E2B50D2F17A}.Release|Any CPU.ActiveCfg = Release|Any CPU
		{7CAE0A7B-A696-4A60-B108-3E2B50D2F17A}.Release|Any CPU.Build.0 = Release|Any CPU
		{7CAE0A7B-A696-4A60-B108-3E2B50D2F17A}.Release|Any CPU.Deploy.0 = Release|Any CPU
		{7CAE0A7B-A696-4A60-B108-3E2B50D2F17A}.Release|ARM.ActiveCfg = Release|Any CPU
		{7CAE0A7B-A696-4A60-B108-3E2B50D2F17A}.Release|ARM.Build.0 = Release|Any CPU
		{7CAE0A7B-A696-4A60-B108-3E2B50D2F17A}.Release|ARM.Deploy.0 = Release|Any CPU
		{7CAE0A7B-A696-4A60-B108-3E2B50D2F17A}.Release|iPhone.ActiveCfg = Release|Any CPU
		{7CAE0A7B-A696-4A60-B108-3E2B50D2F17A}.Release|iPhone.Build.0 = Release|Any CPU
		{7CAE0A7B-A696-4A60-B108-3E2B50D2F17A}.Release|iPhone.Deploy.0 = Release|Any CPU
		{7CAE0A7B-A696-4A60-B108-3E2B50D2F17A}.Release|iPhoneSimulator.ActiveCfg = Release|Any CPU
		{7CAE0A7B-A696-4A60-B108-3E2B50D2F17A}.Release|iPhoneSimulator.Build.0 = Release|Any CPU
		{7CAE0A7B-A696-4A60-B108-3E2B50D2F17A}.Release|iPhoneSimulator.Deploy.0 = Release|Any CPU
		{7CAE0A7B-A696-4A60-B108-3E2B50D2F17A}.Release|x64.ActiveCfg = Release|Any CPU
		{7CAE0A7B-A696-4A60-B108-3E2B50D2F17A}.Release|x64.Build.0 = Release|Any CPU
		{7CAE0A7B-A696-4A60-B108-3E2B50D2F17A}.Release|x64.Deploy.0 = Release|Any CPU
		{7CAE0A7B-A696-4A60-B108-3E2B50D2F17A}.Release|x86.ActiveCfg = Release|Any CPU
		{7CAE0A7B-A696-4A60-B108-3E2B50D2F17A}.Release|x86.Build.0 = Release|Any CPU
		{7CAE0A7B-A696-4A60-B108-3E2B50D2F17A}.Release|x86.Deploy.0 = Release|Any CPU
	EndGlobalSection
	GlobalSection(SolutionProperties) = preSolution
		HideSolutionNode = FALSE
	EndGlobalSection
	GlobalSection(ExtensibilityGlobals) = postSolution
		SolutionGuid = {D7D927B2-49C6-4668-905D-079BC8850EEA}
	EndGlobalSection
EndGlobal
